lock_version = 2
manifest_checksum = "dc6d65606fbfc6ef75945e8476ff39a6f3344278300e522bef2948328cf3e4de"
target = "aarch64-apple-darwin"
generator = "1.1.5"

[root_dependencies]
"言据" = "言据@1.1.1#e526f172db95-14f44fad5d148caa"

[root_dev_dependencies]

[[package]]
id = "言据@1.1.1#e526f172db95-14f44fad5d148caa"
name = "言据"
version = "1.1.1"
source = "path:../.."
checksum = "14f44fad5d148caa55ae76194df8eafcc11d90e6641062c52b0e582e9e66279b"
entry = "src/言据.yx"
target = "aarch64-apple-darwin"
minimum_yanxu = ">=1.1.5"

[package.dependencies]

[package.exports]
"默认" = "src/言据.yx"
